
Microsoft Visual Studio Solution File, Format Version 12.00
# Visual Studio 15
VisualStudioVersion = 15.0.27703.2042
MinimumVisualStudioVersion = 10.0.40219.1
Project("{FAE04EC0-301F-11D3-BF4B-00C04F79EFBC}") = "TDDExample", "TDDExample\TDDExample.csproj", "{0E889D59-926A-464D-BEDD-82CD31F4359F}"
EndProject
Project("{FAE04EC0-301F-11D3-BF4B-00C04F79EFBC}") = "TDDExample.Tests", "TDDExample.Tests\TDDExample.Tests.csproj", "{FF4FF6A9-0F1B-4A85-AE63-80A007D0A873}"
EndProject
Global
	GlobalSection(SolutionConfigurationPlatforms) = preSolution
		Debug|Any CPU = Debug|Any CPU
		Release|Any CPU = Release|Any CPU
	EndGlobalSection
	GlobalSection(ProjectConfigurationPlatforms) = postSolution
		{0E889D59-926A-464D-BEDD-82CD31F4359F}.Debug|Any CPU.ActiveCfg = Debug|Any CPU
		{0E889D59-926A-464D-BEDD-82CD31F4359F}.Debug|Any CPU.Build.0 = Debug|Any CPU
		{0E889D59-926A-464D-BEDD-82CD31F4359F}.Release|Any CPU.ActiveCfg = Release|Any CPU
		{0E889D59-926A-464D-BEDD-82CD31F4359F}.Release|Any CPU.Build.0 = Release|Any CPU
		{FF4FF6A9-0F1B-4A85-AE63-80A007D0A873}.Debug|Any CPU.ActiveCfg = Debug|Any CPU
		{FF4FF6A9-0F1B-4A85-AE63-80A007D0A873}.Debug|Any CPU.Build.0 = Debug|Any CPU
		{FF4FF6A9-0F1B-4A85-AE63-80A007D0A873}.Release|Any CPU.ActiveCfg = Release|Any CPU
		{FF4FF6A9-0F1B-4A85-AE63-80A007D0A873}.Release|Any CPU.Build.0 = Release|Any CPU
	EndGlobalSection
	GlobalSection(SolutionProperties) = preSolution
		HideSolutionNode = FALSE
	EndGlobalSection
	GlobalSection(ExtensibilityGlobals) = postSolution
		SolutionGuid = {FCB582F6-D8DD-4BA6-9AED-66111B9BF276}
	EndGlobalSection
EndGlobal
